// !$*UTF8*$!
{
	archiveVersion = 1;
	classes = {
	};
	objectVersion = 56;
	objects = {

/* Begin PBXBuildFile section */
		3A0E093B2991F29800E1E72D /* kuchenControlApp.swift in Sources */ = {isa = PBXBuildFile; fileRef = 3A0E093A2991F29800E1E72D /* kuchenControlApp.swift */; };
		3A0E093D2991F29800E1E72D /* ContentView.swift in Sources */ = {isa = PBXBuildFile; fileRef = 3A0E093C2991F29800E1E72D /* ContentView.swift */; };
		3A0E093F2991F29900E1E72D /* Assets.xcassets in Resources */ = {isa = PBXBuildFile; fileRef = 3A0E093E2991F29900E1E72D /* Assets.xcassets */; };
		3A0E09422991F29900E1E72D /* Preview Assets.xcassets in Resources */ = {isa = PBXBuildFile; fileRef = 3A0E09412991F29900E1E72D /* Preview Assets.xcassets */; };
		3A0E094B29920B6500E1E72D /* Departamento.swift in Sources */ = {isa = PBXBuildFile; fileRef = 3A0E094A29920B6500E1E72D /* Departamento.swift */; };
		3A0E094E2992133A00E1E72D /* RowView.swift in Sources */ = {isa = PBXBuildFile; fileRef = 3A0E094D2992133A00E1E72D /* RowView.swift */; };
		3A0E095129921D8400E1E72D /* CheckBoxStyle.swift in Sources */ = {isa = PBXBuildFile; fileRef = 3A0E095029921D8400E1E72D /* CheckBoxStyle.swift */; };
		3A0E095329921E5B00E1E72D /* Parameter.swift in Sources */ = {isa = PBXBuildFile; fileRef = 3A0E095229921E5B00E1E72D /* Parameter.swift */; };
		3A0E09592992358300E1E72D /* HeaderView.swift in Sources */ = {isa = PBXBuildFile; fileRef = 3A0E09582992358300E1E72D /* HeaderView.swift */; };
		3A0E095B29923C6800E1E72D /* FabView.swift in Sources */ = {isa = PBXBuildFile; fileRef = 3A0E095A29923C6800E1E72D /* FabView.swift */; };
		3A34013B299F51D3004E6BFD /* GoogleService-Info.plist in Resources */ = {isa = PBXBuildFile; fileRef = 3A34013A299F51D3004E6BFD /* GoogleService-Info.plist */; };
		3A34013E299F5486004E6BFD /* FirebaseAnalytics in Frameworks */ = {isa = PBXBuildFile; productRef = 3A34013D299F5486004E6BFD /* FirebaseAnalytics */; };
		3A340140299F5486004E6BFD /* FirebaseAnalyticsSwift in Frameworks */ = {isa = PBXBuildFile; productRef = 3A34013F299F5486004E6BFD /* FirebaseAnalyticsSwift */; };
		3A340142299F5486004E6BFD /* FirebaseDatabase in Frameworks */ = {isa = PBXBuildFile; productRef = 3A340141299F5486004E6BFD /* FirebaseDatabase */; };
		3A340144299F5486004E6BFD /* FirebaseFirestore in Frameworks */ = {isa = PBXBuildFile; productRef = 3A340143299F5486004E6BFD /* FirebaseFirestore */; };
		3A340146299F5486004E6BFD /* FirebaseFirestoreSwift in Frameworks */ = {isa = PBXBuildFile; productRef = 3A340145299F5486004E6BFD /* FirebaseFirestoreSwift */; };
		3A34014D299F5E3B004E6BFD /* DepViewModel.swift in Sources */ = {isa = PBXBuildFile; fileRef = 3A34014C299F5E3B004E6BFD /* DepViewModel.swift */; };
		3A340152299F5F68004E6BFD /* DepDataSource.swift in Sources */ = {isa = PBXBuildFile; fileRef = 3A340151299F5F68004E6BFD /* DepDataSource.swift */; };
		3A340154299F5F85004E6BFD /* DepRepository.swift in Sources */ = {isa = PBXBuildFile; fileRef = 3A340153299F5F85004E6BFD /* DepRepository.swift */; };
		3A340156299F66A3004E6BFD /* NewDepScreen.swift in Sources */ = {isa = PBXBuildFile; fileRef = 3A340155299F66A3004E6BFD /* NewDepScreen.swift */; };
/* End PBXBuildFile section */

/* Begin PBXFileReference section */
		3A0E09372991F29800E1E72D /* kuchenControl.app */ = {isa = PBXFileReference; explicitFileType = wrapper.application; includeInIndex = 0; path = kuchenControl.app; sourceTree = BUILT_PRODUCTS_DIR; };
		3A0E093A2991F29800E1E72D /* kuchenControlApp.swift */ = {isa = PBXFileReference; lastKnownFileType = sourcecode.swift; path = kuchenControlApp.swift; sourceTree = "<group>"; };
		3A0E093C2991F29800E1E72D /* ContentView.swift */ = {isa = PBXFileReference; lastKnownFileType = sourcecode.swift; path = ContentView.swift; sourceTree = "<group>"; };
		3A0E093E2991F29900E1E72D /* Assets.xcassets */ = {isa = PBXFileReference; lastKnownFileType = folder.assetcatalog; path = Assets.xcassets; sourceTree = "<group>"; };
		3A0E09412991F29900E1E72D /* Preview Assets.xcassets */ = {isa = PBXFileReference; lastKnownFileType = folder.assetcatalog; path = "Preview Assets.xcassets"; sourceTree = "<group>"; };
		3A0E094A29920B6500E1E72D /* Departamento.swift */ = {isa = PBXFileReference; lastKnownFileType = sourcecode.swift; path = Departamento.swift; sourceTree = "<group>"; };
		3A0E094D2992133A00E1E72D /* RowView.swift */ = {isa = PBXFileReference; lastKnownFileType = sourcecode.swift; path = RowView.swift; sourceTree = "<group>"; };
		3A0E095029921D8400E1E72D /* CheckBoxStyle.swift */ = {isa = PBXFileReference; lastKnownFileType = sourcecode.swift; path = CheckBoxStyle.swift; sourceTree = "<group>"; };
		3A0E095229921E5B00E1E72D /* Parameter.swift */ = {isa = PBXFileReference; lastKnownFileType = sourcecode.swift; path = Parameter.swift; sourceTree = "<group>"; };
		3A0E09582992358300E1E72D /* HeaderView.swift */ = {isa = PBXFileReference; lastKnownFileType = sourcecode.swift; path = HeaderView.swift; sourceTree = "<group>"; };
		3A0E095A29923C6800E1E72D /* FabView.swift */ = {isa = PBXFileReference; lastKnownFileType = sourcecode.swift; path = FabView.swift; sourceTree = "<group>"; };
		3A34013A299F51D3004E6BFD /* GoogleService-Info.plist */ = {isa = PBXFileReference; fileEncoding = 4; lastKnownFileType = text.plist.xml; path = "GoogleService-Info.plist"; sourceTree = "<group>"; };
		3A34014C299F5E3B004E6BFD /* DepViewModel.swift */ = {isa = PBXFileReference; lastKnownFileType = sourcecode.swift; path = DepViewModel.swift; sourceTree = "<group>"; };
		3A340151299F5F68004E6BFD /* DepDataSource.swift */ = {isa = PBXFileReference; lastKnownFileType = sourcecode.swift; path = DepDataSource.swift; sourceTree = "<group>"; };
		3A340153299F5F85004E6BFD /* DepRepository.swift */ = {isa = PBXFileReference; lastKnownFileType = sourcecode.swift; path = DepRepository.swift; sourceTree = "<group>"; };
		3A340155299F66A3004E6BFD /* NewDepScreen.swift */ = {isa = PBXFileReference; lastKnownFileType = sourcecode.swift; path = NewDepScreen.swift; sourceTree = "<group>"; };
/* End PBXFileReference section */

/* Begin PBXFrameworksBuildPhase section */
		3A0E09342991F29800E1E72D /* Frameworks */ = {
			isa = PBXFrameworksBuildPhase;
			buildActionMask = 2147483647;
			files = (
				3A340146299F5486004E6BFD /* FirebaseFirestoreSwift in Frameworks */,
				3A340142299F5486004E6BFD /* FirebaseDatabase in Frameworks */,
				3A340144299F5486004E6BFD /* FirebaseFirestore in Frameworks */,
				3A340140299F5486004E6BFD /* FirebaseAnalyticsSwift in Frameworks */,
				3A34013E299F5486004E6BFD /* FirebaseAnalytics in Frameworks */,
			);
			runOnlyForDeploymentPostprocessing = 0;
		};
/* End PBXFrameworksBuildPhase section */

/* Begin PBXGroup section */
		3A0E092E2991F29800E1E72D = {
			isa = PBXGroup;
			children = (
				3A0E09392991F29800E1E72D /* kuchenControl */,
				3A0E09382991F29800E1E72D /* Products */,
				3A340149299F5D82004E6BFD /* Frameworks */,
			);
			sourceTree = "<group>";
		};
		3A0E09382991F29800E1E72D /* Products */ = {
			isa = PBXGroup;
			children = (
				3A0E09372991F29800E1E72D /* kuchenControl.app */,
			);
			name = Products;
			sourceTree = "<group>";
		};
		3A0E09392991F29800E1E72D /* kuchenControl */ = {
			isa = PBXGroup;
			children = (
				3A34014A299F5DD4004E6BFD /* Departamentos */,
				3A34013A299F51D3004E6BFD /* GoogleService-Info.plist */,
				3A0E093A2991F29800E1E72D /* kuchenControlApp.swift */,
				3A0E093E2991F29900E1E72D /* Assets.xcassets */,
				3A0E09402991F29900E1E72D /* Preview Content */,
			);
			path = kuchenControl;
			sourceTree = "<group>";
		};
		3A0E09402991F29900E1E72D /* Preview Content */ = {
			isa = PBXGroup;
			children = (
				3A0E09412991F29900E1E72D /* Preview Assets.xcassets */,
			);
			path = "Preview Content";
			sourceTree = "<group>";
		};
		3A0E094929920B3300E1E72D /* Models */ = {
			isa = PBXGroup;
			children = (
				3A0E094A29920B6500E1E72D /* Departamento.swift */,
				3A0E095229921E5B00E1E72D /* Parameter.swift */,
			);
			path = Models;
			sourceTree = "<group>";
		};
		3A0E094C29920FDE00E1E72D /* View */ = {
			isa = PBXGroup;
			children = (
				3A0E094D2992133A00E1E72D /* RowView.swift */,
				3A0E09582992358300E1E72D /* HeaderView.swift */,
				3A0E095A29923C6800E1E72D /* FabView.swift */,
			);
			path = View;
			sourceTree = "<group>";
		};
		3A0E094F29921D6400E1E72D /* Style */ = {
			isa = PBXGroup;
			children = (
				3A0E095029921D8400E1E72D /* CheckBoxStyle.swift */,
			);
			path = Style;
			sourceTree = "<group>";
		};
		3A340149299F5D82004E6BFD /* Frameworks */ = {
			isa = PBXGroup;
			children = (
			);
			name = Frameworks;
			sourceTree = "<group>";
		};
		3A34014A299F5DD4004E6BFD /* Departamentos */ = {
			isa = PBXGroup;
			children = (
				3A340150299F5F34004E6BFD /* Presentation */,
				3A34014B299F5DF9004E6BFD /* Repository */,
			);
			path = Departamentos;
			sourceTree = "<group>";
		};
		3A34014B299F5DF9004E6BFD /* Repository */ = {
			isa = PBXGroup;
			children = (
				3A0E094929920B3300E1E72D /* Models */,
				3A340151299F5F68004E6BFD /* DepDataSource.swift */,
				3A340153299F5F85004E6BFD /* DepRepository.swift */,
			);
			path = Repository;
			sourceTree = "<group>";
		};
		3A34014E299F5EE3004E6BFD /* Screen */ = {
			isa = PBXGroup;
			children = (
				3A0E093C2991F29800E1E72D /* ContentView.swift */,
				3A340155299F66A3004E6BFD /* NewDepScreen.swift */,
			);
			path = Screen;
			sourceTree = "<group>";
		};
		3A34014F299F5F0C004E6BFD /* ViewModel */ = {
			isa = PBXGroup;
			children = (
				3A34014C299F5E3B004E6BFD /* DepViewModel.swift */,
			);
			path = ViewModel;
			sourceTree = "<group>";
		};
		3A340150299F5F34004E6BFD /* Presentation */ = {
			isa = PBXGroup;
			children = (
				3A34014F299F5F0C004E6BFD /* ViewModel */,
				3A0E094F29921D6400E1E72D /* Style */,
				3A0E094C29920FDE00E1E72D /* View */,
				3A34014E299F5EE3004E6BFD /* Screen */,
			);
			path = Presentation;
			sourceTree = "<group>";
		};
/* End PBXGroup section */

/* Begin PBXNativeTarget section */
		3A0E09362991F29800E1E72D /* kuchenControl */ = {
			isa = PBXNativeTarget;
			buildConfigurationList = 3A0E09452991F29900E1E72D /* Build configuration list for PBXNativeTarget "kuchenControl" */;
			buildPhases = (
				3A0E09332991F29800E1E72D /* Sources */,
				3A0E09342991F29800E1E72D /* Frameworks */,
				3A0E09352991F29800E1E72D /* Resources */,
			);
			buildRules = (
			);
			dependencies = (
			);
			name = kuchenControl;
			packageProductDependencies = (
				3A34013D299F5486004E6BFD /* FirebaseAnalytics */,
				3A34013F299F5486004E6BFD /* FirebaseAnalyticsSwift */,
				3A340141299F5486004E6BFD /* FirebaseDatabase */,
				3A340143299F5486004E6BFD /* FirebaseFirestore */,
				3A340145299F5486004E6BFD /* FirebaseFirestoreSwift */,
			);
			productName = kuchenControl;
			productReference = 3A0E09372991F29800E1E72D /* kuchenControl.app */;
			productType = "com.apple.product-type.application";
		};
/* End PBXNativeTarget section */

/* Begin PBXProject section */
		3A0E092F2991F29800E1E72D /* Project object */ = {
			isa = PBXProject;
			attributes = {
				BuildIndependentTargetsInParallel = 1;
				LastSwiftUpdateCheck = 1420;
				LastUpgradeCheck = 1420;
				TargetAttributes = {
					3A0E09362991F29800E1E72D = {
						CreatedOnToolsVersion = 14.2;
					};
				};
			};
			buildConfigurationList = 3A0E09322991F29800E1E72D /* Build configuration list for PBXProject "kuchenControl" */;
			compatibilityVersion = "Xcode 14.0";
			developmentRegion = en;
			hasScannedForEncodings = 0;
			knownRegions = (
				en,
				Base,
			);
			mainGroup = 3A0E092E2991F29800E1E72D;
			packageReferences = (
				3A34013C299F5486004E6BFD /* XCRemoteSwiftPackageReference "firebase-ios-sdk" */,
			);
			productRefGroup = 3A0E09382991F29800E1E72D /* Products */;
			projectDirPath = "";
			projectRoot = "";
			targets = (
				3A0E09362991F29800E1E72D /* kuchenControl */,
			);
		};
/* End PBXProject section */

/* Begin PBXResourcesBuildPhase section */
		3A0E09352991F29800E1E72D /* Resources */ = {
			isa = PBXResourcesBuildPhase;
			buildActionMask = 2147483647;
			files = (
				3A0E09422991F29900E1E72D /* Preview Assets.xcassets in Resources */,
				3A0E093F2991F29900E1E72D /* Assets.xcassets in Resources */,
				3A34013B299F51D3004E6BFD /* GoogleService-Info.plist in Resources */,
			);
			runOnlyForDeploymentPostprocessing = 0;
		};
/* End PBXResourcesBuildPhase section */

/* Begin PBXSourcesBuildPhase section */
		3A0E09332991F29800E1E72D /* Sources */ = {
			isa = PBXSourcesBuildPhase;
			buildActionMask = 2147483647;
			files = (
				3A340154299F5F85004E6BFD /* DepRepository.swift in Sources */,
				3A0E095129921D8400E1E72D /* CheckBoxStyle.swift in Sources */,
				3A0E094B29920B6500E1E72D /* Departamento.swift in Sources */,
				3A0E093D2991F29800E1E72D /* ContentView.swift in Sources */,
				3A340156299F66A3004E6BFD /* NewDepScreen.swift in Sources */,
				3A34014D299F5E3B004E6BFD /* DepViewModel.swift in Sources */,
				3A0E095329921E5B00E1E72D /* Parameter.swift in Sources */,
				3A0E095B29923C6800E1E72D /* FabView.swift in Sources */,
				3A0E093B2991F29800E1E72D /* kuchenControlApp.swift in Sources */,
				3A0E094E2992133A00E1E72D /* RowView.swift in Sources */,
				3A340152299F5F68004E6BFD /* DepDataSource.swift in Sources */,
				3A0E09592992358300E1E72D /* HeaderView.swift in Sources */,
			);
			runOnlyForDeploymentPostprocessing = 0;
		};
/* End PBXSourcesBuildPhase section */

/* Begin XCBuildConfiguration section */
		3A0E09432991F29900E1E72D /* Debug */ = {
			isa = XCBuildConfiguration;
			buildSettings = {
				ALWAYS_SEARCH_USER_PATHS = NO;
				CLANG_ANALYZER_NONNULL = YES;
				CLANG_ANALYZER_NUMBER_OBJECT_CONVERSION = YES_AGGRESSIVE;
				CLANG_CXX_LANGUAGE_STANDARD = "gnu++20";
				CLANG_ENABLE_MODULES = YES;
				CLANG_ENABLE_OBJC_ARC = YES;
				CLANG_ENABLE_OBJC_WEAK = YES;
				CLANG_WARN_BLOCK_CAPTURE_AUTORELEASING = YES;
				CLANG_WARN_BOOL_CONVERSION = YES;
				CLANG_WARN_COMMA = YES;
				CLANG_WARN_CONSTANT_CONVERSION = YES;
				CLANG_WARN_DEPRECATED_OBJC_IMPLEMENTATIONS = YES;
				CLANG_WARN_DIRECT_OBJC_ISA_USAGE = YES_ERROR;
				CLANG_WARN_DOCUMENTATION_COMMENTS = YES;
				CLANG_WARN_EMPTY_BODY = YES;
				CLANG_WARN_ENUM_CONVERSION = YES;
				CLANG_WARN_INFINITE_RECURSION = YES;
				CLANG_WARN_INT_CONVERSION = YES;
				CLANG_WARN_NON_LITERAL_NULL_CONVERSION = YES;
				CLANG_WARN_OBJC_IMPLICIT_RETAIN_SELF = YES;
				CLANG_WARN_OBJC_LITERAL_CONVERSION = YES;
				CLANG_WARN_OBJC_ROOT_CLASS = YES_ERROR;
				CLANG_WARN_QUOTED_INCLUDE_IN_FRAMEWORK_HEADER = YES;
				CLANG_WARN_RANGE_LOOP_ANALYSIS = YES;
				CLANG_WARN_STRICT_PROTOTYPES = YES;
				CLANG_WARN_SUSPICIOUS_MOVE = YES;
				CLANG_WARN_UNGUARDED_AVAILABILITY = YES_AGGRESSIVE;
				CLANG_WARN_UNREACHABLE_CODE = YES;
				CLANG_WARN__DUPLICATE_METHOD_MATCH = YES;
				COPY_PHASE_STRIP = NO;
				DEBUG_INFORMATION_FORMAT = dwarf;
				ENABLE_STRICT_OBJC_MSGSEND = YES;
				ENABLE_TESTABILITY = YES;
				GCC_C_LANGUAGE_STANDARD = gnu11;
				GCC_DYNAMIC_NO_PIC = NO;
				GCC_NO_COMMON_BLOCKS = YES;
				GCC_OPTIMIZATION_LEVEL = 0;
				GCC_PREPROCESSOR_DEFINITIONS = (
					"DEBUG=1",
					"$(inherited)",
				);
				GCC_WARN_64_TO_32_BIT_CONVERSION = YES;
				GCC_WARN_ABOUT_RETURN_TYPE = YES_ERROR;
				GCC_WARN_UNDECLARED_SELECTOR = YES;
				GCC_WARN_UNINITIALIZED_AUTOS = YES_AGGRESSIVE;
				GCC_WARN_UNUSED_FUNCTION = YES;
				GCC_WARN_UNUSED_VARIABLE = YES;
				IPHONEOS_DEPLOYMENT_TARGET = 16.2;
				MTL_ENABLE_DEBUG_INFO = INCLUDE_SOURCE;
				MTL_FAST_MATH = YES;
				ONLY_ACTIVE_ARCH = YES;
				SDKROOT = iphoneos;
				SWIFT_ACTIVE_COMPILATION_CONDITIONS = DEBUG;
				SWIFT_OPTIMIZATION_LEVEL = "-Onone";
			};
			name = Debug;
		};
		3A0E09442991F29900E1E72D /* Release */ = {
			isa = XCBuildConfiguration;
			buildSettings = {
				ALWAYS_SEARCH_USER_PATHS = NO;
				CLANG_ANALYZER_NONNULL = YES;
				CLANG_ANALYZER_NUMBER_OBJECT_CONVERSION = YES_AGGRESSIVE;
				CLANG_CXX_LANGUAGE_STANDARD = "gnu++20";
				CLANG_ENABLE_MODULES = YES;
				CLANG_ENABLE_OBJC_ARC = YES;
				CLANG_ENABLE_OBJC_WEAK = YES;
				CLANG_WARN_BLOCK_CAPTURE_AUTORELEASING = YES;
				CLANG_WARN_BOOL_CONVERSION = YES;
				CLANG_WARN_COMMA = YES;
				CLANG_WARN_CONSTANT_CONVERSION = YES;
				CLANG_WARN_DEPRECATED_OBJC_IMPLEMENTATIONS = YES;
				CLANG_WARN_DIRECT_OBJC_ISA_USAGE = YES_ERROR;
				CLANG_WARN_DOCUMENTATION_COMMENTS = YES;
				CLANG_WARN_EMPTY_BODY = YES;
				CLANG_WARN_ENUM_CONVERSION = YES;
				CLANG_WARN_INFINITE_RECURSION = YES;
				CLANG_WARN_INT_CONVERSION = YES;
				CLANG_WARN_NON_LITERAL_NULL_CONVERSION = YES;
				CLANG_WARN_OBJC_IMPLICIT_RETAIN_SELF = YES;
				CLANG_WARN_OBJC_LITERAL_CONVERSION = YES;
				CLANG_WARN_OBJC_ROOT_CLASS = YES_ERROR;
				CLANG_WARN_QUOTED_INCLUDE_IN_FRAMEWORK_HEADER = YES;
				CLANG_WARN_RANGE_LOOP_ANALYSIS = YES;
				CLANG_WARN_STRICT_PROTOTYPES = YES;
				CLANG_WARN_SUSPICIOUS_MOVE = YES;
				CLANG_WARN_UNGUARDED_AVAILABILITY = YES_AGGRESSIVE;
				CLANG_WARN_UNREACHABLE_CODE = YES;
				CLANG_WARN__DUPLICATE_METHOD_MATCH = YES;
				COPY_PHASE_STRIP = NO;
				DEBUG_INFORMATION_FORMAT = "dwarf-with-dsym";
				ENABLE_NS_ASSERTIONS = NO;
				ENABLE_STRICT_OBJC_MSGSEND = YES;
				GCC_C_LANGUAGE_STANDARD = gnu11;
				GCC_NO_COMMON_BLOCKS = YES;
				GCC_WARN_64_TO_32_BIT_CONVERSION = YES;
				GCC_WARN_ABOUT_RETURN_TYPE = YES_ERROR;
				GCC_WARN_UNDECLARED_SELECTOR = YES;
				GCC_WARN_UNINITIALIZED_AUTOS = YES_AGGRESSIVE;
				GCC_WARN_UNUSED_FUNCTION = YES;
				GCC_WARN_UNUSED_VARIABLE = YES;
				IPHONEOS_DEPLOYMENT_TARGET = 16.2;
				MTL_ENABLE_DEBUG_INFO = NO;
				MTL_FAST_MATH = YES;
				SDKROOT = iphoneos;
				SWIFT_COMPILATION_MODE = wholemodule;
				SWIFT_OPTIMIZATION_LEVEL = "-O";
				VALIDATE_PRODUCT = YES;
			};
			name = Release;
		};
		3A0E09462991F29900E1E72D /* Debug */ = {
			isa = XCBuildConfiguration;
			buildSettings = {
				ASSETCATALOG_COMPILER_APPICON_NAME = AppIcon;
				ASSETCATALOG_COMPILER_GLOBAL_ACCENT_COLOR_NAME = AccentColor;
				CODE_SIGN_STYLE = Automatic;
				CURRENT_PROJECT_VERSION = 1;
				DEVELOPMENT_ASSET_PATHS = "\"kuchenControl/Preview Content\"";
				ENABLE_PREVIEWS = YES;
				GENERATE_INFOPLIST_FILE = YES;
				INFOPLIST_KEY_CFBundleDisplayName = "Kuchen Control";
				INFOPLIST_KEY_UIApplicationSceneManifest_Generation = YES;
				INFOPLIST_KEY_UIApplicationSupportsIndirectInputEvents = YES;
				INFOPLIST_KEY_UILaunchScreen_Generation = YES;
				INFOPLIST_KEY_UISupportedInterfaceOrientations_iPad = "UIInterfaceOrientationPortrait UIInterfaceOrientationPortraitUpsideDown UIInterfaceOrientationLandscapeLeft UIInterfaceOrientationLandscapeRight";
				INFOPLIST_KEY_UISupportedInterfaceOrientations_iPhone = "UIInterfaceOrientationPortrait UIInterfaceOrientationLandscapeLeft UIInterfaceOrientationLandscapeRight";
				LD_RUNPATH_SEARCH_PATHS = (
					"$(inherited)",
					"@executable_path/Frameworks",
				);
				MARKETING_VERSION = 1.0;
				PRODUCT_BUNDLE_IDENTIFIER = com.jfsb.kuchenControl;
				PRODUCT_NAME = "$(TARGET_NAME)";
				SUPPORTED_PLATFORMS = "iphoneos iphonesimulator";
				SUPPORTS_MACCATALYST = NO;
				SUPPORTS_MAC_DESIGNED_FOR_IPHONE_IPAD = NO;
				SWIFT_EMIT_LOC_STRINGS = YES;
				SWIFT_VERSION = 5.0;
				TARGETED_DEVICE_FAMILY = 1;
			};
			name = Debug;
		};
		3A0E09472991F29900E1E72D /* Release */ = {
			isa = XCBuildConfiguration;
			buildSettings = {
				ASSETCATALOG_COMPILER_APPICON_NAME = AppIcon;
				ASSETCATALOG_COMPILER_GLOBAL_ACCENT_COLOR_NAME = AccentColor;
				CODE_SIGN_STYLE = Automatic;
				CURRENT_PROJECT_VERSION = 1;
				DEVELOPMENT_ASSET_PATHS = "\"kuchenControl/Preview Content\"";
				ENABLE_PREVIEWS = YES;
				GENERATE_INFOPLIST_FILE = YES;
				INFOPLIST_KEY_CFBundleDisplayName = "Kuchen Control";
				INFOPLIST_KEY_UIApplicationSceneManifest_Generation = YES;
				INFOPLIST_KEY_UIApplicationSupportsIndirectInputEvents = YES;
				INFOPLIST_KEY_UILaunchScreen_Generation = YES;
				INFOPLIST_KEY_UISupportedInterfaceOrientations_iPad = "UIInterfaceOrientationPortrait UIInterfaceOrientationPortraitUpsideDown UIInterfaceOrientationLandscapeLeft UIInterfaceOrientationLandscapeRight";
				INFOPLIST_KEY_UISupportedInterfaceOrientations_iPhone = "UIInterfaceOrientationPortrait UIInterfaceOrientationLandscapeLeft UIInterfaceOrientationLandscapeRight";
				LD_RUNPATH_SEARCH_PATHS = (
					"$(inherited)",
					"@executable_path/Frameworks",
				);
				MARKETING_VERSION = 1.0;
				PRODUCT_BUNDLE_IDENTIFIER = com.jfsb.kuchenControl;
				PRODUCT_NAME = "$(TARGET_NAME)";
				SUPPORTED_PLATFORMS = "iphoneos iphonesimulator";
				SUPPORTS_MACCATALYST = NO;
				SUPPORTS_MAC_DESIGNED_FOR_IPHONE_IPAD = NO;
				SWIFT_EMIT_LOC_STRINGS = YES;
				SWIFT_VERSION = 5.0;
				TARGETED_DEVICE_FAMILY = 1;
			};
			name = Release;
		};
/* End XCBuildConfiguration section */

/* Begin XCConfigurationList section */
		3A0E09322991F29800E1E72D /* Build configuration list for PBXProject "kuchenControl" */ = {
			isa = XCConfigurationList;
			buildConfigurations = (
				3A0E09432991F29900E1E72D /* Debug */,
				3A0E09442991F29900E1E72D /* Release */,
			);
			defaultConfigurationIsVisible = 0;
			defaultConfigurationName = Release;
		};
		3A0E09452991F29900E1E72D /* Build configuration list for PBXNativeTarget "kuchenControl" */ = {
			isa = XCConfigurationList;
			buildConfigurations = (
				3A0E09462991F29900E1E72D /* Debug */,
				3A0E09472991F29900E1E72D /* Release */,
			);
			defaultConfigurationIsVisible = 0;
			defaultConfigurationName = Release;
		};
/* End XCConfigurationList section */

/* Begin XCRemoteSwiftPackageReference section */
		3A34013C299F5486004E6BFD /* XCRemoteSwiftPackageReference "firebase-ios-sdk" */ = {
			isa = XCRemoteSwiftPackageReference;
			repositoryURL = "https://github.com/firebase/firebase-ios-sdk";
			requirement = {
				branch = master;
				kind = branch;
			};
		};
/* End XCRemoteSwiftPackageReference section */

/* Begin XCSwiftPackageProductDependency section */
		3A34013D299F5486004E6BFD /* FirebaseAnalytics */ = {
			isa = XCSwiftPackageProductDependency;
			package = 3A34013C299F5486004E6BFD /* XCRemoteSwiftPackageReference "firebase-ios-sdk" */;
			productName = FirebaseAnalytics;
		};
		3A34013F299F5486004E6BFD /* FirebaseAnalyticsSwift */ = {
			isa = XCSwiftPackageProductDependency;
			package = 3A34013C299F5486004E6BFD /* XCRemoteSwiftPackageReference "firebase-ios-sdk" */;
			productName = FirebaseAnalyticsSwift;
		};
		3A340141299F5486004E6BFD /* FirebaseDatabase */ = {
			isa = XCSwiftPackageProductDependency;
			package = 3A34013C299F5486004E6BFD /* XCRemoteSwiftPackageReference "firebase-ios-sdk" */;
			productName = FirebaseDatabase;
		};
		3A340143299F5486004E6BFD /* FirebaseFirestore */ = {
			isa = XCSwiftPackageProductDependency;
			package = 3A34013C299F5486004E6BFD /* XCRemoteSwiftPackageReference "firebase-ios-sdk" */;
			productName = FirebaseFirestore;
		};
		3A340145299F5486004E6BFD /* FirebaseFirestoreSwift */ = {
			isa = XCSwiftPackageProductDependency;
			package = 3A34013C299F5486004E6BFD /* XCRemoteSwiftPackageReference "firebase-ios-sdk" */;
			productName = FirebaseFirestoreSwift;
		};
/* End XCSwiftPackageProductDependency section */
	};
	rootObject = 3A0E092F2991F29800E1E72D /* Project object */;
}
